<Solution>
  <Project Path="src/Citrus.Trading/Citrus.Trading.csproj" />
  <Project Path="src/Citrus.Simulation/Citrus.Simulation.csproj" />
  <Project Path="src/Citrus.Data/Citrus.Data.csproj" />
  <Project Path="src/Citrus.Engine/Citrus.Engine.csproj" />
  <Project Path="src/Citrus.Cli/Citrus.Cli.csproj" />
  <Project Path="src/Citrus.Desktop/Citrus.Desktop.csproj" />
  <Project Path="tests/Citrus.Tests/Citrus.Tests.csproj" />
  <Project Path="src/Citrus.Strategies/Citrus.Strategies.csproj" />
  <Project Path="src/Citrus.StrategyRunner/Citrus.StrategyRunner.csproj" />
  <Project Path="tests/Citrus.Strategies.Tests/Citrus.Strategies.Tests.csproj" />
</Solution>
